
Microsoft Visual Studio Solution File, Format Version 12.00
# Visual Studio Version 16
VisualStudioVersion = 16.0.30503.244
MinimumVisualStudioVersion = 10.0.40219.1
Project("{FAE04EC0-301F-11D3-BF4B-00C04F79EFBC}") = "MiCalculadora", "FormCalculadora\MiCalculadora.csproj", "{11F9F42B-B95C-403F-8231-820922D9A94C}"
EndProject
Project("{FAE04EC0-301F-11D3-BF4B-00C04F79EFBC}") = "Entidades", "TP_01_Entidades\Entidades.csproj", "{A178DD02-DC43-4426-B7AA-8413E18085BE}"
EndProject
Global
	GlobalSection(SolutionConfigurationPlatforms) = preSolution
		Debug|Any CPU = Debug|Any CPU
		Release|Any CPU = Release|Any CPU
	EndGlobalSection
	GlobalSection(ProjectConfigurationPlatforms) = postSolution
		{11F9F42B-B95C-403F-8231-820922D9A94C}.Debug|Any CPU.ActiveCfg = Debug|Any CPU
		{11F9F42B-B95C-403F-8231-820922D9A94C}.Debug|Any CPU.Build.0 = Debug|Any CPU
		{11F9F42B-B95C-403F-8231-820922D9A94C}.Release|Any CPU.ActiveCfg = Release|Any CPU
		{11F9F42B-B95C-403F-8231-820922D9A94C}.Release|Any CPU.Build.0 = Release|Any CPU
		{A178DD02-DC43-4426-B7AA-8413E18085BE}.Debug|Any CPU.ActiveCfg = Debug|Any CPU
		{A178DD02-DC43-4426-B7AA-8413E18085BE}.Debug|Any CPU.Build.0 = Debug|Any CPU
		{A178DD02-DC43-4426-B7AA-8413E18085BE}.Release|Any CPU.ActiveCfg = Release|Any CPU
		{A178DD02-DC43-4426-B7AA-8413E18085BE}.Release|Any CPU.Build.0 = Release|Any CPU
	EndGlobalSection
	GlobalSection(SolutionProperties) = preSolution
		HideSolutionNode = FALSE
	EndGlobalSection
	GlobalSection(ExtensibilityGlobals) = postSolution
		SolutionGuid = {34EDEC76-5CB1-4CCA-A0AC-E20C9654CFCC}
	EndGlobalSection
EndGlobal
