
Microsoft Visual Studio Solution File, Format Version 12.00
# Visual Studio Version 16
VisualStudioVersion = 16.0.30503.244
MinimumVisualStudioVersion = 10.0.40219.1
Project("{FAE04EC0-301F-11D3-BF4B-00C04F79EFBC}") = "Clases Abstractas", "Clases Abstractas\Clases Abstractas.csproj", "{8480D73D-CC44-45A1-B22E-43FEEA485E66}"
EndProject
Project("{FAE04EC0-301F-11D3-BF4B-00C04F79EFBC}") = "Program", "Test\Program.csproj", "{78D7B578-4F6F-464B-88F9-B0EA391A1A07}"
EndProject
Project("{FAE04EC0-301F-11D3-BF4B-00C04F79EFBC}") = "Clases Instanciables", "Clases Instanciables\Clases Instanciables.csproj", "{52EF07C7-C315-4C11-A7DD-11039F3C06A2}"
EndProject
Project("{FAE04EC0-301F-11D3-BF4B-00C04F79EFBC}") = "Excepciones", "Excepciones\Excepciones.csproj", "{CC101B5C-7CFC-4C7D-8920-6571469F96D6}"
EndProject
Project("{FAE04EC0-301F-11D3-BF4B-00C04F79EFBC}") = "Archivos", "Archivos\Archivos.csproj", "{EA91A653-7DA9-4707-9DF2-21AD006CBDE9}"
EndProject
Project("{FAE04EC0-301F-11D3-BF4B-00C04F79EFBC}") = "TestsUnitarios", "TestsUnitarios\TestsUnitarios.csproj", "{E6D604DD-88FC-489C-B510-A13FC6775B0C}"
EndProject
Global
	GlobalSection(SolutionConfigurationPlatforms) = preSolution
		Debug|Any CPU = Debug|Any CPU
		Release|Any CPU = Release|Any CPU
	EndGlobalSection
	GlobalSection(ProjectConfigurationPlatforms) = postSolution
		{8480D73D-CC44-45A1-B22E-43FEEA485E66}.Debug|Any CPU.ActiveCfg = Debug|Any CPU
		{8480D73D-CC44-45A1-B22E-43FEEA485E66}.Debug|Any CPU.Build.0 = Debug|Any CPU
		{8480D73D-CC44-45A1-B22E-43FEEA485E66}.Release|Any CPU.ActiveCfg = Release|Any CPU
		{8480D73D-CC44-45A1-B22E-43FEEA485E66}.Release|Any CPU.Build.0 = Release|Any CPU
		{78D7B578-4F6F-464B-88F9-B0EA391A1A07}.Debug|Any CPU.ActiveCfg = Debug|Any CPU
		{78D7B578-4F6F-464B-88F9-B0EA391A1A07}.Debug|Any CPU.Build.0 = Debug|Any CPU
		{78D7B578-4F6F-464B-88F9-B0EA391A1A07}.Release|Any CPU.ActiveCfg = Release|Any CPU
		{78D7B578-4F6F-464B-88F9-B0EA391A1A07}.Release|Any CPU.Build.0 = Release|Any CPU
		{52EF07C7-C315-4C11-A7DD-11039F3C06A2}.Debug|Any CPU.ActiveCfg = Debug|Any CPU
		{52EF07C7-C315-4C11-A7DD-11039F3C06A2}.Debug|Any CPU.Build.0 = Debug|Any CPU
		{52EF07C7-C315-4C11-A7DD-11039F3C06A2}.Release|Any CPU.ActiveCfg = Release|Any CPU
		{52EF07C7-C315-4C11-A7DD-11039F3C06A2}.Release|Any CPU.Build.0 = Release|Any CPU
		{CC101B5C-7CFC-4C7D-8920-6571469F96D6}.Debug|Any CPU.ActiveCfg = Debug|Any CPU
		{CC101B5C-7CFC-4C7D-8920-6571469F96D6}.Debug|Any CPU.Build.0 = Debug|Any CPU
		{CC101B5C-7CFC-4C7D-8920-6571469F96D6}.Release|Any CPU.ActiveCfg = Release|Any CPU
		{CC101B5C-7CFC-4C7D-8920-6571469F96D6}.Release|Any CPU.Build.0 = Release|Any CPU
		{EA91A653-7DA9-4707-9DF2-21AD006CBDE9}.Debug|Any CPU.ActiveCfg = Debug|Any CPU
		{EA91A653-7DA9-4707-9DF2-21AD006CBDE9}.Debug|Any CPU.Build.0 = Debug|Any CPU
		{EA91A653-7DA9-4707-9DF2-21AD006CBDE9}.Release|Any CPU.ActiveCfg = Release|Any CPU
		{EA91A653-7DA9-4707-9DF2-21AD006CBDE9}.Release|Any CPU.Build.0 = Release|Any CPU
		{E6D604DD-88FC-489C-B510-A13FC6775B0C}.Debug|Any CPU.ActiveCfg = Debug|Any CPU
		{E6D604DD-88FC-489C-B510-A13FC6775B0C}.Debug|Any CPU.Build.0 = Debug|Any CPU
		{E6D604DD-88FC-489C-B510-A13FC6775B0C}.Release|Any CPU.ActiveCfg = Release|Any CPU
		{E6D604DD-88FC-489C-B510-A13FC6775B0C}.Release|Any CPU.Build.0 = Release|Any CPU
	EndGlobalSection
	GlobalSection(SolutionProperties) = preSolution
		HideSolutionNode = FALSE
	EndGlobalSection
	GlobalSection(ExtensibilityGlobals) = postSolution
		SolutionGuid = {490668AE-8CB5-4349-B7AE-F5A834199B55}
	EndGlobalSection
EndGlobal
